
Microsoft Visual Studio Solution File, Format Version 12.00
# Visual Studio Version 17
VisualStudioVersion = 17.14.36203.30 d17.14
MinimumVisualStudioVersion = 10.0.40219.1
Project("{8BC9CEB8-8B4A-11D0-8D11-00A0C91BC942}") = "screenShotter", "screenShotter\screenShotter.vcxproj", "{1AE7A9E1-D17B-42E4-93DA-7CB4F2154B67}"
EndProject
Global
	GlobalSection(SolutionConfigurationPlatforms) = preSolution
		Debug|x64 = Debug|x64
		Debug|x86 = Debug|x86
		Release|x64 = Release|x64
		Release|x86 = Release|x86
	EndGlobalSection
	GlobalSection(ProjectConfigurationPlatforms) = postSolution
		{1AE7A9E1-D17B-42E4-93DA-7CB4F2154B67}.Debug|x64.ActiveCfg = Release|x64
		{1AE7A9E1-D17B-42E4-93DA-7CB4F2154B67}.Debug|x64.Build.0 = Release|x64
		{1AE7A9E1-D17B-42E4-93DA-7CB4F2154B67}.Debug|x86.ActiveCfg = Debug|Win32
		{1AE7A9E1-D17B-42E4-93DA-7CB4F2154B67}.Debug|x86.Build.0 = Debug|Win32
		{1AE7A9E1-D17B-42E4-93DA-7CB4F2154B67}.Release|x64.ActiveCfg = Release|x64
		{1AE7A9E1-D17B-42E4-93DA-7CB4F2154B67}.Release|x64.Build.0 = Release|x64
		{1AE7A9E1-D17B-42E4-93DA-7CB4F2154B67}.Release|x86.ActiveCfg = Release|Win32
		{1AE7A9E1-D17B-42E4-93DA-7CB4F2154B67}.Release|x86.Build.0 = Release|Win32
	EndGlobalSection
	GlobalSection(SolutionProperties) = preSolution
		HideSolutionNode = FALSE
	EndGlobalSection
	GlobalSection(ExtensibilityGlobals) = postSolution
		SolutionGuid = {67C08065-374B-41B5-A587-54188A6A6737}
	EndGlobalSection
EndGlobal
